<?xml version="1.0" encoding="utf-8"?>
<Project ToolsVersion="4.0" xmlns="http://schemas.microsoft.com/developer/msbuild/2003">
  <ItemGroup>
    <Filter Include="ｿｰｽ ﾌｧｲﾙ">
      <UniqueIdentifier>{63ec19c3-206f-4611-9197-4914e59b71d2}</UniqueIdentifier>
      <Extensions>cpp;c;cxx;rc;def;r;odl;hpj;bat;for;f90</Extensions>
    </Filter>
    <Filter Include="Header Files">
      <UniqueIdentifier>{092a308f-8a4b-4524-9dbe-7eab5a21bc31}</UniqueIdentifier>
      <Extensions>h;hpp;hxx;hm;inl;fi;fd</Extensions>
    </Filter>
    <Filter Include="Resource Files">
      <UniqueIdentifier>{8d2af6e8-3b16-47ac-86c6-a060da5ce564}</UniqueIdentifier>
      <Extensions>ico;cur;bmp;dlg;rc2;rct;bin;cnt;rtf;gif;jpg;jpeg;jpe</Extensions>
    </Filter>
  </ItemGroup>
  <ItemGroup>
    <ClCompile Include="draw.cpp">
      <Filter>ｿｰｽ ﾌｧｲﾙ</Filter>
    </ClCompile>
    <ClCompile Include="drawdoc.cpp">
      <Filter>ｿｰｽ ﾌｧｲﾙ</Filter>
    </ClCompile>
    <ClCompile Include="drawview.cpp">
      <Filter>ｿｰｽ ﾌｧｲﾙ</Filter>
    </ClCompile>
    <ClCompile Include="mainfrm.cpp">
      <Filter>ｿｰｽ ﾌｧｲﾙ</Filter>
    </ClCompile>
    <ClCompile Include="stdafx.cpp">
      <Filter>ｿｰｽ ﾌｧｲﾙ</Filter>
    </ClCompile>
  </ItemGroup>
  <ItemGroup>
    <ResourceCompile Include="draw.rc">
      <Filter>ｿｰｽ ﾌｧｲﾙ</Filter>
    </ResourceCompile>
  </ItemGroup>
  <ItemGroup>
    <Text Include="readme.txt">
      <Filter>ｿｰｽ ﾌｧｲﾙ</Filter>
    </Text>
  </ItemGroup>
  <ItemGroup>
    <ClInclude Include="draw.h">
      <Filter>Header Files</Filter>
    </ClInclude>
    <ClInclude Include="drawdoc.h">
      <Filter>Header Files</Filter>
    </ClInclude>
    <ClInclude Include="drawview.h">
      <Filter>Header Files</Filter>
    </ClInclude>
    <ClInclude Include="mainfrm.h">
      <Filter>Header Files</Filter>
    </ClInclude>
    <ClInclude Include="RESOURCE.H">
      <Filter>Header Files</Filter>
    </ClInclude>
    <ClInclude Include="stdafx.h">
      <Filter>Header Files</Filter>
    </ClInclude>
  </ItemGroup>
  <ItemGroup>
    <Image Include="res\draw.ico">
      <Filter>Resource Files</Filter>
    </Image>
    <Image Include="res\drawdoc.ico">
      <Filter>Resource Files</Filter>
    </Image>
    <Image Include="res\toolbar.bmp">
      <Filter>Resource Files</Filter>
    </Image>
  </ItemGroup>
  <ItemGroup>
    <None Include="res\draw.rc2">
      <Filter>Resource Files</Filter>
    </None>
  </ItemGroup>
</Project>